
Microsoft Visual Studio Solution File, Format Version 11.00
# Visual Studio 2010
Project("{FAE04EC0-301F-11D3-BF4B-00C04F79EFBC}") = "Acronym", "Acronym\Acronym.csproj", "{142698FF-8208-443E-8FD9-B776A97F9ACD}"
EndProject
Global
	GlobalSection(SolutionConfigurationPlatforms) = preSolution
		Debug|iPhoneSimulator = Debug|iPhoneSimulator
		Release|iPhoneSimulator = Release|iPhoneSimulator
		Debug|iPhone = Debug|iPhone
		Release|iPhone = Release|iPhone
		Ad-Hoc|iPhone = Ad-Hoc|iPhone
		AppStore|iPhone = AppStore|iPhone
	EndGlobalSection
	GlobalSection(ProjectConfigurationPlatforms) = postSolution
		{142698FF-8208-443E-8FD9-B776A97F9ACD}.Ad-Hoc|iPhone.ActiveCfg = Ad-Hoc|iPhone
		{142698FF-8208-443E-8FD9-B776A97F9ACD}.Ad-Hoc|iPhone.Build.0 = Ad-Hoc|iPhone
		{142698FF-8208-443E-8FD9-B776A97F9ACD}.AppStore|iPhone.ActiveCfg = AppStore|iPhone
		{142698FF-8208-443E-8FD9-B776A97F9ACD}.AppStore|iPhone.Build.0 = AppStore|iPhone
		{142698FF-8208-443E-8FD9-B776A97F9ACD}.Debug|iPhone.ActiveCfg = Debug|iPhone
		{142698FF-8208-443E-8FD9-B776A97F9ACD}.Debug|iPhone.Build.0 = Debug|iPhone
		{142698FF-8208-443E-8FD9-B776A97F9ACD}.Debug|iPhoneSimulator.ActiveCfg = Debug|iPhoneSimulator
		{142698FF-8208-443E-8FD9-B776A97F9ACD}.Debug|iPhoneSimulator.Build.0 = Debug|iPhoneSimulator
		{142698FF-8208-443E-8FD9-B776A97F9ACD}.Release|iPhone.ActiveCfg = Release|iPhone
		{142698FF-8208-443E-8FD9-B776A97F9ACD}.Release|iPhone.Build.0 = Release|iPhone
		{142698FF-8208-443E-8FD9-B776A97F9ACD}.Release|iPhoneSimulator.ActiveCfg = Release|iPhoneSimulator
		{142698FF-8208-443E-8FD9-B776A97F9ACD}.Release|iPhoneSimulator.Build.0 = Release|iPhoneSimulator
	EndGlobalSection
	GlobalSection(MonoDevelopProperties) = preSolution
		StartupItem = Acronym\Acronym.csproj
	EndGlobalSection
EndGlobal
